
Microsoft Visual Studio Solution File, Format Version 12.00
# Visual Studio 14
VisualStudioVersion = 14.0.23107.0
MinimumVisualStudioVersion = 10.0.40219.1
Project("{FAE04EC0-301F-11D3-BF4B-00C04F79EFBC}") = "WcfEF", "WcfEF\WcfEF.csproj", "{ED369955-87A5-4381-BD78-2FBDEB50C207}"
	ProjectSection(ProjectDependencies) = postProject
		{4F5A09F7-CA8E-4FC5-973C-A96C81791EE1} = {4F5A09F7-CA8E-4FC5-973C-A96C81791EE1}
	EndProjectSection
EndProject
Project("{FAE04EC0-301F-11D3-BF4B-00C04F79EFBC}") = "WcfServiceEdm", "WcfServiceEdm\WcfServiceEdm.csproj", "{4F5A09F7-CA8E-4FC5-973C-A96C81791EE1}"
EndProject
Global
	GlobalSection(SolutionConfigurationPlatforms) = preSolution
		Debug|Any CPU = Debug|Any CPU
		Release|Any CPU = Release|Any CPU
	EndGlobalSection
	GlobalSection(ProjectConfigurationPlatforms) = postSolution
		{ED369955-87A5-4381-BD78-2FBDEB50C207}.Debug|Any CPU.ActiveCfg = Debug|Any CPU
		{ED369955-87A5-4381-BD78-2FBDEB50C207}.Debug|Any CPU.Build.0 = Debug|Any CPU
		{ED369955-87A5-4381-BD78-2FBDEB50C207}.Release|Any CPU.ActiveCfg = Release|Any CPU
		{ED369955-87A5-4381-BD78-2FBDEB50C207}.Release|Any CPU.Build.0 = Release|Any CPU
		{4F5A09F7-CA8E-4FC5-973C-A96C81791EE1}.Debug|Any CPU.ActiveCfg = Debug|Any CPU
		{4F5A09F7-CA8E-4FC5-973C-A96C81791EE1}.Debug|Any CPU.Build.0 = Debug|Any CPU
		{4F5A09F7-CA8E-4FC5-973C-A96C81791EE1}.Release|Any CPU.ActiveCfg = Release|Any CPU
		{4F5A09F7-CA8E-4FC5-973C-A96C81791EE1}.Release|Any CPU.Build.0 = Release|Any CPU
	EndGlobalSection
	GlobalSection(SolutionProperties) = preSolution
		HideSolutionNode = FALSE
	EndGlobalSection
EndGlobal
