
Microsoft Visual Studio Solution File, Format Version 12.00
# Visual Studio 14
VisualStudioVersion = 14.0.23107.0
MinimumVisualStudioVersion = 10.0.40219.1
Project("{FAE04EC0-301F-11D3-BF4B-00C04F79EFBC}") = "E0303", "E0303\E0303.csproj", "{328F82D6-0391-4986-902A-39E2A5A8FB41}"
EndProject
Global
	GlobalSection(SolutionConfigurationPlatforms) = preSolution
		Debug|Any CPU = Debug|Any CPU
		Release|Any CPU = Release|Any CPU
	EndGlobalSection
	GlobalSection(ProjectConfigurationPlatforms) = postSolution
		{328F82D6-0391-4986-902A-39E2A5A8FB41}.Debug|Any CPU.ActiveCfg = Debug|Any CPU
		{328F82D6-0391-4986-902A-39E2A5A8FB41}.Debug|Any CPU.Build.0 = Debug|Any CPU
		{328F82D6-0391-4986-902A-39E2A5A8FB41}.Release|Any CPU.ActiveCfg = Release|Any CPU
		{328F82D6-0391-4986-902A-39E2A5A8FB41}.Release|Any CPU.Build.0 = Release|Any CPU
	EndGlobalSection
	GlobalSection(SolutionProperties) = preSolution
		HideSolutionNode = FALSE
	EndGlobalSection
EndGlobal
