{
  "name": "04",
  "lockfileVersion": 2,
  "requires": true,
  "packages": {
    "": {
      "dependencies": {
        "wind": "^0.7.3"
      }
    },
    "node_modules/wind": {
      "version": "0.7.3",
      "resolved": "https://registry.npmjs.org/wind/-/wind-0.7.3.tgz",
      "integrity": "sha1-sZSWmEeeKIgqiTeJ3cGKNasglsk="
    }
  },
  "dependencies": {
    "wind": {
      "version": "0.7.3",
      "resolved": "https://registry.npmjs.org/wind/-/wind-0.7.3.tgz",
      "integrity": "sha1-sZSWmEeeKIgqiTeJ3cGKNasglsk="
    }
  }
}
